
Microsoft Visual Studio Solution File, Format Version 12.00
# Visual Studio 15
VisualStudioVersion = 15.0.28010.2036
MinimumVisualStudioVersion = 10.0.40219.1
Project("{FAE04EC0-301F-11D3-BF4B-00C04F79EFBC}") = "FoodBuddyV0.1", "FoodBuddyV0.1\FoodBuddyV0.1.csproj", "{E4A6F40A-5A78-457D-B20B-F9B7B92FBC67}"
EndProject
Global
	GlobalSection(SolutionConfigurationPlatforms) = preSolution
		Debug|Any CPU = Debug|Any CPU
		Release|Any CPU = Release|Any CPU
	EndGlobalSection
	GlobalSection(ProjectConfigurationPlatforms) = postSolution
		{E4A6F40A-5A78-457D-B20B-F9B7B92FBC67}.Debug|Any CPU.ActiveCfg = Debug|Any CPU
		{E4A6F40A-5A78-457D-B20B-F9B7B92FBC67}.Debug|Any CPU.Build.0 = Debug|Any CPU
		{E4A6F40A-5A78-457D-B20B-F9B7B92FBC67}.Release|Any CPU.ActiveCfg = Release|Any CPU
		{E4A6F40A-5A78-457D-B20B-F9B7B92FBC67}.Release|Any CPU.Build.0 = Release|Any CPU
	EndGlobalSection
	GlobalSection(SolutionProperties) = preSolution
		HideSolutionNode = FALSE
	EndGlobalSection
	GlobalSection(ExtensibilityGlobals) = postSolution
		SolutionGuid = {B52CF5EE-E371-4231-8F9E-370CF3D73C32}
	EndGlobalSection
EndGlobal
